
Microsoft Visual Studio Solution File, Format Version 12.00
# Visual Studio 15
VisualStudioVersion = 15.0.28010.2046
MinimumVisualStudioVersion = 10.0.40219.1
Project("{9A19103F-16F7-4668-BE54-9A1E7A4F7556}") = "authasp", "authasp.csproj", "{565D4932-8780-42A8-A105-E80852EDE286}"
EndProject
Global
	GlobalSection(SolutionConfigurationPlatforms) = preSolution
		Debug|Any CPU = Debug|Any CPU
		Release|Any CPU = Release|Any CPU
	EndGlobalSection
	GlobalSection(ProjectConfigurationPlatforms) = postSolution
		{565D4932-8780-42A8-A105-E80852EDE286}.Debug|Any CPU.ActiveCfg = Debug|Any CPU
		{565D4932-8780-42A8-A105-E80852EDE286}.Debug|Any CPU.Build.0 = Debug|Any CPU
		{565D4932-8780-42A8-A105-E80852EDE286}.Release|Any CPU.ActiveCfg = Release|Any CPU
		{565D4932-8780-42A8-A105-E80852EDE286}.Release|Any CPU.Build.0 = Release|Any CPU
	EndGlobalSection
	GlobalSection(SolutionProperties) = preSolution
		HideSolutionNode = FALSE
	EndGlobalSection
	GlobalSection(ExtensibilityGlobals) = postSolution
		SolutionGuid = {2F464916-7BA1-4240-8D55-E23863CD8E0E}
	EndGlobalSection
EndGlobal
